
Microsoft Visual Studio Solution File, Format Version 12.00
# Visual Studio 15
VisualStudioVersion = 15.0.27924.0
MinimumVisualStudioVersion = 10.0.40219.1
Project("{9A19103F-16F7-4668-BE54-9A1E7A4F7556}") = "Design Patterns - Creational Patterns", "Design Patterns - Creational Patterns.csproj", "{B095C5B5-7DEC-420C-BCD5-13B880F051D5}"
EndProject
Global
	GlobalSection(SolutionConfigurationPlatforms) = preSolution
		Debug|Any CPU = Debug|Any CPU
		Release|Any CPU = Release|Any CPU
	EndGlobalSection
	GlobalSection(ProjectConfigurationPlatforms) = postSolution
		{B095C5B5-7DEC-420C-BCD5-13B880F051D5}.Debug|Any CPU.ActiveCfg = Debug|Any CPU
		{B095C5B5-7DEC-420C-BCD5-13B880F051D5}.Debug|Any CPU.Build.0 = Debug|Any CPU
		{B095C5B5-7DEC-420C-BCD5-13B880F051D5}.Release|Any CPU.ActiveCfg = Release|Any CPU
		{B095C5B5-7DEC-420C-BCD5-13B880F051D5}.Release|Any CPU.Build.0 = Release|Any CPU
	EndGlobalSection
	GlobalSection(SolutionProperties) = preSolution
		HideSolutionNode = FALSE
	EndGlobalSection
	GlobalSection(ExtensibilityGlobals) = postSolution
		SolutionGuid = {058A89F8-2AF2-4342-8743-EAFFEA5D4A3A}
	EndGlobalSection
EndGlobal
